
Microsoft Visual Studio Solution File, Format Version 12.00
# Visual Studio Version 17
VisualStudioVersion = 17.0.32126.317
MinimumVisualStudioVersion = 10.0.40219.1
Project("{2150E333-8FDC-42A3-9474-1A3956D46DE8}") = "Services", "Services", "{5051E9EB-738A-4749-9BAB-20B667D960F3}"
EndProject
Project("{2150E333-8FDC-42A3-9474-1A3956D46DE8}") = "Catalog", "Catalog", "{C3661934-7207-4243-B340-C56A4D34C0D2}"
EndProject
Project("{9A19103F-16F7-4668-BE54-9A1E7A4F7556}") = "Catalog.API", "Services\Catalog\Catalog.API\Catalog.API.csproj", "{37A65BCA-1317-4B9B-8139-642D820D05C7}"
EndProject
Project("{E53339B2-1760-4266-BCC7-CA923CBCF16C}") = "docker-compose", "docker-compose.dcproj", "{F819B6C5-D101-4139-A7D2-4E25E1739F4B}"
EndProject
Project("{2150E333-8FDC-42A3-9474-1A3956D46DE8}") = "Discount", "Discount", "{4B173EE5-1160-41FB-8732-FD09C9D6543A}"
EndProject
Project("{9A19103F-16F7-4668-BE54-9A1E7A4F7556}") = "Discount.API", "Services\Discount\Discount.API\Discount.API.csproj", "{C12CB94F-E247-4D3C-9721-90CEF010BF0D}"
EndProject
Project("{2150E333-8FDC-42A3-9474-1A3956D46DE8}") = "Basket", "Basket", "{80ADC7FE-31BC-4E8C-AD98-130804A09375}"
EndProject
Project("{9A19103F-16F7-4668-BE54-9A1E7A4F7556}") = "Basket.API", "Services\Basket\Basket.API\Basket.API.csproj", "{69B93E5C-D45E-4783-91B5-ED56DE5623CC}"
EndProject
Project("{FAE04EC0-301F-11D3-BF4B-00C04F79EFBC}") = "Discount.Grpc", "Services\Discount\Discount.Grpc\Discount.Grpc.csproj", "{4ECDF2BE-DC86-462C-9607-267A3403C93F}"
EndProject
Global
	GlobalSection(SolutionConfigurationPlatforms) = preSolution
		Debug|Any CPU = Debug|Any CPU
		Release|Any CPU = Release|Any CPU
	EndGlobalSection
	GlobalSection(ProjectConfigurationPlatforms) = postSolution
		{37A65BCA-1317-4B9B-8139-642D820D05C7}.Debug|Any CPU.ActiveCfg = Debug|Any CPU
		{37A65BCA-1317-4B9B-8139-642D820D05C7}.Debug|Any CPU.Build.0 = Debug|Any CPU
		{37A65BCA-1317-4B9B-8139-642D820D05C7}.Release|Any CPU.ActiveCfg = Release|Any CPU
		{37A65BCA-1317-4B9B-8139-642D820D05C7}.Release|Any CPU.Build.0 = Release|Any CPU
		{F819B6C5-D101-4139-A7D2-4E25E1739F4B}.Debug|Any CPU.ActiveCfg = Debug|Any CPU
		{F819B6C5-D101-4139-A7D2-4E25E1739F4B}.Debug|Any CPU.Build.0 = Debug|Any CPU
		{F819B6C5-D101-4139-A7D2-4E25E1739F4B}.Release|Any CPU.ActiveCfg = Release|Any CPU
		{F819B6C5-D101-4139-A7D2-4E25E1739F4B}.Release|Any CPU.Build.0 = Release|Any CPU
		{C12CB94F-E247-4D3C-9721-90CEF010BF0D}.Debug|Any CPU.ActiveCfg = Debug|Any CPU
		{C12CB94F-E247-4D3C-9721-90CEF010BF0D}.Debug|Any CPU.Build.0 = Debug|Any CPU
		{C12CB94F-E247-4D3C-9721-90CEF010BF0D}.Release|Any CPU.ActiveCfg = Release|Any CPU
		{C12CB94F-E247-4D3C-9721-90CEF010BF0D}.Release|Any CPU.Build.0 = Release|Any CPU
		{69B93E5C-D45E-4783-91B5-ED56DE5623CC}.Debug|Any CPU.ActiveCfg = Debug|Any CPU
		{69B93E5C-D45E-4783-91B5-ED56DE5623CC}.Debug|Any CPU.Build.0 = Debug|Any CPU
		{69B93E5C-D45E-4783-91B5-ED56DE5623CC}.Release|Any CPU.ActiveCfg = Release|Any CPU
		{69B93E5C-D45E-4783-91B5-ED56DE5623CC}.Release|Any CPU.Build.0 = Release|Any CPU
		{4ECDF2BE-DC86-462C-9607-267A3403C93F}.Debug|Any CPU.ActiveCfg = Debug|Any CPU
		{4ECDF2BE-DC86-462C-9607-267A3403C93F}.Debug|Any CPU.Build.0 = Debug|Any CPU
		{4ECDF2BE-DC86-462C-9607-267A3403C93F}.Release|Any CPU.ActiveCfg = Release|Any CPU
		{4ECDF2BE-DC86-462C-9607-267A3403C93F}.Release|Any CPU.Build.0 = Release|Any CPU
	EndGlobalSection
	GlobalSection(SolutionProperties) = preSolution
		HideSolutionNode = FALSE
	EndGlobalSection
	GlobalSection(NestedProjects) = preSolution
		{C3661934-7207-4243-B340-C56A4D34C0D2} = {5051E9EB-738A-4749-9BAB-20B667D960F3}
		{37A65BCA-1317-4B9B-8139-642D820D05C7} = {C3661934-7207-4243-B340-C56A4D34C0D2}
		{4B173EE5-1160-41FB-8732-FD09C9D6543A} = {5051E9EB-738A-4749-9BAB-20B667D960F3}
		{C12CB94F-E247-4D3C-9721-90CEF010BF0D} = {4B173EE5-1160-41FB-8732-FD09C9D6543A}
		{80ADC7FE-31BC-4E8C-AD98-130804A09375} = {5051E9EB-738A-4749-9BAB-20B667D960F3}
		{69B93E5C-D45E-4783-91B5-ED56DE5623CC} = {80ADC7FE-31BC-4E8C-AD98-130804A09375}
		{4ECDF2BE-DC86-462C-9607-267A3403C93F} = {4B173EE5-1160-41FB-8732-FD09C9D6543A}
	EndGlobalSection
	GlobalSection(ExtensibilityGlobals) = postSolution
		SolutionGuid = {BDFA9276-B312-4507-BFD3-D35B74627311}
	EndGlobalSection
EndGlobal
